
Microsoft Visual Studio Solution File, Format Version 12.00
# Visual Studio Version 17
VisualStudioVersion = 17.7.34031.279
MinimumVisualStudioVersion = 10.0.40219.1
Project("{FAE04EC0-301F-11D3-BF4B-00C04F79EFBC}") = "abstrakt", "abstrakt\abstrakt.csproj", "{BA1BEAAD-4402-4334-B02F-B0BF403E3E00}"
EndProject
Global
	GlobalSection(SolutionConfigurationPlatforms) = preSolution
		Debug|Any CPU = Debug|Any CPU
		Release|Any CPU = Release|Any CPU
	EndGlobalSection
	GlobalSection(ProjectConfigurationPlatforms) = postSolution
		{BA1BEAAD-4402-4334-B02F-B0BF403E3E00}.Debug|Any CPU.ActiveCfg = Debug|Any CPU
		{BA1BEAAD-4402-4334-B02F-B0BF403E3E00}.Debug|Any CPU.Build.0 = Debug|Any CPU
		{BA1BEAAD-4402-4334-B02F-B0BF403E3E00}.Release|Any CPU.ActiveCfg = Release|Any CPU
		{BA1BEAAD-4402-4334-B02F-B0BF403E3E00}.Release|Any CPU.Build.0 = Release|Any CPU
	EndGlobalSection
	GlobalSection(SolutionProperties) = preSolution
		HideSolutionNode = FALSE
	EndGlobalSection
	GlobalSection(ExtensibilityGlobals) = postSolution
		SolutionGuid = {24E71CD4-6773-40B7-998A-B5BC24DC3EDD}
	EndGlobalSection
EndGlobal
